
Microsoft Visual Studio Solution File, Format Version 12.00
# Visual Studio 14
VisualStudioVersion = 14.0.23107.0
MinimumVisualStudioVersion = 10.0.40219.1
Project("{FAE04EC0-301F-11D3-BF4B-00C04F79EFBC}") = "TrackerBuddy", "TrackerBuddy\TrackerBuddy.csproj", "{11C66A1F-D408-4A71-9E6E-A4A4C9907F79}"
EndProject
Global
	GlobalSection(SolutionConfigurationPlatforms) = preSolution
		Debug|Any CPU = Debug|Any CPU
		Release|Any CPU = Release|Any CPU
	EndGlobalSection
	GlobalSection(ProjectConfigurationPlatforms) = postSolution
		{11C66A1F-D408-4A71-9E6E-A4A4C9907F79}.Debug|Any CPU.ActiveCfg = Debug|Any CPU
		{11C66A1F-D408-4A71-9E6E-A4A4C9907F79}.Debug|Any CPU.Build.0 = Debug|Any CPU
		{11C66A1F-D408-4A71-9E6E-A4A4C9907F79}.Release|Any CPU.ActiveCfg = Release|Any CPU
		{11C66A1F-D408-4A71-9E6E-A4A4C9907F79}.Release|Any CPU.Build.0 = Release|Any CPU
	EndGlobalSection
	GlobalSection(SolutionProperties) = preSolution
		HideSolutionNode = FALSE
	EndGlobalSection
EndGlobal
